
Microsoft Visual Studio Solution File, Format Version 12.00
# Visual Studio Version 17
VisualStudioVersion = 17.13.35806.99 d17.13
MinimumVisualStudioVersion = 10.0.40219.1
Project("{FAE04EC0-301F-11D3-BF4B-00C04F79EFBC}") = "MOVIES", "MOVIES\MOVIES.csproj", "{E43CDFF6-8542-4C91-B813-A4BEB83042F3}"
EndProject
Global
	GlobalSection(SolutionConfigurationPlatforms) = preSolution
		Debug|Any CPU = Debug|Any CPU
		Release|Any CPU = Release|Any CPU
	EndGlobalSection
	GlobalSection(ProjectConfigurationPlatforms) = postSolution
		{E43CDFF6-8542-4C91-B813-A4BEB83042F3}.Debug|Any CPU.ActiveCfg = Debug|Any CPU
		{E43CDFF6-8542-4C91-B813-A4BEB83042F3}.Debug|Any CPU.Build.0 = Debug|Any CPU
		{E43CDFF6-8542-4C91-B813-A4BEB83042F3}.Release|Any CPU.ActiveCfg = Release|Any CPU
		{E43CDFF6-8542-4C91-B813-A4BEB83042F3}.Release|Any CPU.Build.0 = Release|Any CPU
	EndGlobalSection
	GlobalSection(SolutionProperties) = preSolution
		HideSolutionNode = FALSE
	EndGlobalSection
	GlobalSection(ExtensibilityGlobals) = postSolution
		SolutionGuid = {25E9201D-8E10-4345-AE05-375BEEA3CCEC}
	EndGlobalSection
EndGlobal
